// !$*UTF8*$!
{
	archiveVersion = 1;
	classes = {
	};
	objectVersion = 56;
	objects = {

/* Begin PBXBuildFile section */
		CFAB14B22A264AD800AB7D5D /* AppDelegate.swift in Sources */ = {isa = PBXBuildFile; fileRef = CFAB14B12A264AD800AB7D5D /* AppDelegate.swift */; };
		CFAB14B42A264AD800AB7D5D /* SceneDelegate.swift in Sources */ = {isa = PBXBuildFile; fileRef = CFAB14B32A264AD800AB7D5D /* SceneDelegate.swift */; };
		CFAB14B62A264AD800AB7D5D /* ViewController.swift in Sources */ = {isa = PBXBuildFile; fileRef = CFAB14B52A264AD800AB7D5D /* ViewController.swift */; };
		CFAB14B92A264AD800AB7D5D /* Main.storyboard in Resources */ = {isa = PBXBuildFile; fileRef = CFAB14B72A264AD800AB7D5D /* Main.storyboard */; };
		CFAB14BB2A264ADB00AB7D5D /* Assets.xcassets in Resources */ = {isa = PBXBuildFile; fileRef = CFAB14BA2A264ADB00AB7D5D /* Assets.xcassets */; };
		CFAB14BE2A264ADB00AB7D5D /* LaunchScreen.storyboard in Resources */ = {isa = PBXBuildFile; fileRef = CFAB14BC2A264ADB00AB7D5D /* LaunchScreen.storyboard */; };
		CFAB14CA2A26521800AB7D5D /* Question.swift in Sources */ = {isa = PBXBuildFile; fileRef = CFAB14C92A26521800AB7D5D /* Question.swift */; };
		CFAB14CC2A26523500AB7D5D /* QuestionManager.swift in Sources */ = {isa = PBXBuildFile; fileRef = CFAB14CB2A26523500AB7D5D /* QuestionManager.swift */; };
/* End PBXBuildFile section */

/* Begin PBXFileReference section */
		CFAB14AE2A264AD800AB7D5D /* QuizApp.app */ = {isa = PBXFileReference; explicitFileType = wrapper.application; includeInIndex = 0; path = QuizApp.app; sourceTree = BUILT_PRODUCTS_DIR; };
		CFAB14B12A264AD800AB7D5D /* AppDelegate.swift */ = {isa = PBXFileReference; lastKnownFileType = sourcecode.swift; path = AppDelegate.swift; sourceTree = "<group>"; };
		CFAB14B32A264AD800AB7D5D /* SceneDelegate.swift */ = {isa = PBXFileReference; lastKnownFileType = sourcecode.swift; path = SceneDelegate.swift; sourceTree = "<group>"; };
		CFAB14B52A264AD800AB7D5D /* ViewController.swift */ = {isa = PBXFileReference; lastKnownFileType = sourcecode.swift; path = ViewController.swift; sourceTree = "<group>"; };
		CFAB14B82A264AD800AB7D5D /* Base */ = {isa = PBXFileReference; lastKnownFileType = file.storyboard; name = Base; path = Base.lproj/Main.storyboard; sourceTree = "<group>"; };
		CFAB14BA2A264ADB00AB7D5D /* Assets.xcassets */ = {isa = PBXFileReference; lastKnownFileType = folder.assetcatalog; path = Assets.xcassets; sourceTree = "<group>"; };
		CFAB14BD2A264ADB00AB7D5D /* Base */ = {isa = PBXFileReference; lastKnownFileType = file.storyboard; name = Base; path = Base.lproj/LaunchScreen.storyboard; sourceTree = "<group>"; };
		CFAB14BF2A264ADB00AB7D5D /* Info.plist */ = {isa = PBXFileReference; lastKnownFileType = text.plist.xml; path = Info.plist; sourceTree = "<group>"; };
		CFAB14C92A26521800AB7D5D /* Question.swift */ = {isa = PBXFileReference; lastKnownFileType = sourcecode.swift; path = Question.swift; sourceTree = "<group>"; };
		CFAB14CB2A26523500AB7D5D /* QuestionManager.swift */ = {isa = PBXFileReference; lastKnownFileType = sourcecode.swift; path = QuestionManager.swift; sourceTree = "<group>"; };
/* End PBXFileReference section */

/* Begin PBXFrameworksBuildPhase section */
		CFAB14AB2A264AD800AB7D5D /* Frameworks */ = {
			isa = PBXFrameworksBuildPhase;
			buildActionMask = 2147483647;
			files = (
			);
			runOnlyForDeploymentPostprocessing = 0;
		};
/* End PBXFrameworksBuildPhase section */

/* Begin PBXGroup section */
		CFAB14A52A264AD800AB7D5D = {
			isa = PBXGroup;
			children = (
				CFAB14B02A264AD800AB7D5D /* QuizApp */,
				CFAB14AF2A264AD800AB7D5D /* Products */,
			);
			sourceTree = "<group>";
		};
		CFAB14AF2A264AD800AB7D5D /* Products */ = {
			isa = PBXGroup;
			children = (
				CFAB14AE2A264AD800AB7D5D /* QuizApp.app */,
			);
			name = Products;
			sourceTree = "<group>";
		};
		CFAB14B02A264AD800AB7D5D /* QuizApp */ = {
			isa = PBXGroup;
			children = (
				CFAB14B12A264AD800AB7D5D /* AppDelegate.swift */,
				CFAB14B32A264AD800AB7D5D /* SceneDelegate.swift */,
				CFAB14CE2A273B6400AB7D5D /* Controller */,
				CFAB14CD2A2655EB00AB7D5D /* Model */,
				CFAB14CF2A273B6C00AB7D5D /* View */,
				CFAB14BA2A264ADB00AB7D5D /* Assets.xcassets */,
				CFAB14BC2A264ADB00AB7D5D /* LaunchScreen.storyboard */,
				CFAB14BF2A264ADB00AB7D5D /* Info.plist */,
			);
			path = QuizApp;
			sourceTree = "<group>";
		};
		CFAB14CD2A2655EB00AB7D5D /* Model */ = {
			isa = PBXGroup;
			children = (
				CFAB14C92A26521800AB7D5D /* Question.swift */,
				CFAB14CB2A26523500AB7D5D /* QuestionManager.swift */,
			);
			path = Model;
			sourceTree = "<group>";
		};
		CFAB14CE2A273B6400AB7D5D /* Controller */ = {
			isa = PBXGroup;
			children = (
				CFAB14B52A264AD800AB7D5D /* ViewController.swift */,
			);
			path = Controller;
			sourceTree = "<group>";
		};
		CFAB14CF2A273B6C00AB7D5D /* View */ = {
			isa = PBXGroup;
			children = (
				CFAB14B72A264AD800AB7D5D /* Main.storyboard */,
			);
			path = View;
			sourceTree = "<group>";
		};
/* End PBXGroup section */

/* Begin PBXNativeTarget section */
		CFAB14AD2A264AD800AB7D5D /* QuizApp */ = {
			isa = PBXNativeTarget;
			buildConfigurationList = CFAB14C22A264ADB00AB7D5D /* Build configuration list for PBXNativeTarget "QuizApp" */;
			buildPhases = (
				CFAB14AA2A264AD800AB7D5D /* Sources */,
				CFAB14AB2A264AD800AB7D5D /* Frameworks */,
				CFAB14AC2A264AD800AB7D5D /* Resources */,
			);
			buildRules = (
			);
			dependencies = (
			);
			name = QuizApp;
			productName = QuizApp;
			productReference = CFAB14AE2A264AD800AB7D5D /* QuizApp.app */;
			productType = "com.apple.product-type.application";
		};
/* End PBXNativeTarget section */

/* Begin PBXProject section */
		CFAB14A62A264AD800AB7D5D /* Project object */ = {
			isa = PBXProject;
			attributes = {
				BuildIndependentTargetsInParallel = 1;
				LastSwiftUpdateCheck = 1430;
				LastUpgradeCheck = 1430;
				TargetAttributes = {
					CFAB14AD2A264AD800AB7D5D = {
						CreatedOnToolsVersion = 14.3;
					};
				};
			};
			buildConfigurationList = CFAB14A92A264AD800AB7D5D /* Build configuration list for PBXProject "QuizApp" */;
			compatibilityVersion = "Xcode 14.0";
			developmentRegion = en;
			hasScannedForEncodings = 0;
			knownRegions = (
				en,
				Base,
			);
			mainGroup = CFAB14A52A264AD800AB7D5D;
			productRefGroup = CFAB14AF2A264AD800AB7D5D /* Products */;
			projectDirPath = "";
			projectRoot = "";
			targets = (
				CFAB14AD2A264AD800AB7D5D /* QuizApp */,
			);
		};
/* End PBXProject section */

/* Begin PBXResourcesBuildPhase section */
		CFAB14AC2A264AD800AB7D5D /* Resources */ = {
			isa = PBXResourcesBuildPhase;
			buildActionMask = 2147483647;
			files = (
				CFAB14BE2A264ADB00AB7D5D /* LaunchScreen.storyboard in Resources */,
				CFAB14BB2A264ADB00AB7D5D /* Assets.xcassets in Resources */,
				CFAB14B92A264AD800AB7D5D /* Main.storyboard in Resources */,
			);
			runOnlyForDeploymentPostprocessing = 0;
		};
/* End PBXResourcesBuildPhase section */

/* Begin PBXSourcesBuildPhase section */
		CFAB14AA2A264AD800AB7D5D /* Sources */ = {
			isa = PBXSourcesBuildPhase;
			buildActionMask = 2147483647;
			files = (
				CFAB14B62A264AD800AB7D5D /* ViewController.swift in Sources */,
				CFAB14CA2A26521800AB7D5D /* Question.swift in Sources */,
				CFAB14B22A264AD800AB7D5D /* AppDelegate.swift in Sources */,
				CFAB14CC2A26523500AB7D5D /* QuestionManager.swift in Sources */,
				CFAB14B42A264AD800AB7D5D /* SceneDelegate.swift in Sources */,
			);
			runOnlyForDeploymentPostprocessing = 0;
		};
/* End PBXSourcesBuildPhase section */

/* Begin PBXVariantGroup section */
		CFAB14B72A264AD800AB7D5D /* Main.storyboard */ = {
			isa = PBXVariantGroup;
			children = (
				CFAB14B82A264AD800AB7D5D /* Base */,
			);
			name = Main.storyboard;
			sourceTree = "<group>";
		};
		CFAB14BC2A264ADB00AB7D5D /* LaunchScreen.storyboard */ = {
			isa = PBXVariantGroup;
			children = (
				CFAB14BD2A264ADB00AB7D5D /* Base */,
			);
			name = LaunchScreen.storyboard;
			sourceTree = "<group>";
		};
/* End PBXVariantGroup section */

/* Begin XCBuildConfiguration section */
		CFAB14C02A264ADB00AB7D5D /* Debug */ = {
			isa = XCBuildConfiguration;
			buildSettings = {
				ALWAYS_SEARCH_USER_PATHS = NO;
				CLANG_ANALYZER_NONNULL = YES;
				CLANG_ANALYZER_NUMBER_OBJECT_CONVERSION = YES_AGGRESSIVE;
				CLANG_CXX_LANGUAGE_STANDARD = "gnu++20";
				CLANG_ENABLE_MODULES = YES;
				CLANG_ENABLE_OBJC_ARC = YES;
				CLANG_ENABLE_OBJC_WEAK = YES;
				CLANG_WARN_BLOCK_CAPTURE_AUTORELEASING = YES;
				CLANG_WARN_BOOL_CONVERSION = YES;
				CLANG_WARN_COMMA = YES;
				CLANG_WARN_CONSTANT_CONVERSION = YES;
				CLANG_WARN_DEPRECATED_OBJC_IMPLEMENTATIONS = YES;
				CLANG_WARN_DIRECT_OBJC_ISA_USAGE = YES_ERROR;
				CLANG_WARN_DOCUMENTATION_COMMENTS = YES;
				CLANG_WARN_EMPTY_BODY = YES;
				CLANG_WARN_ENUM_CONVERSION = YES;
				CLANG_WARN_INFINITE_RECURSION = YES;
				CLANG_WARN_INT_CONVERSION = YES;
				CLANG_WARN_NON_LITERAL_NULL_CONVERSION = YES;
				CLANG_WARN_OBJC_IMPLICIT_RETAIN_SELF = YES;
				CLANG_WARN_OBJC_LITERAL_CONVERSION = YES;
				CLANG_WARN_OBJC_ROOT_CLASS = YES_ERROR;
				CLANG_WARN_QUOTED_INCLUDE_IN_FRAMEWORK_HEADER = YES;
				CLANG_WARN_RANGE_LOOP_ANALYSIS = YES;
				CLANG_WARN_STRICT_PROTOTYPES = YES;
				CLANG_WARN_SUSPICIOUS_MOVE = YES;
				CLANG_WARN_UNGUARDED_AVAILABILITY = YES_AGGRESSIVE;
				CLANG_WARN_UNREACHABLE_CODE = YES;
				CLANG_WARN__DUPLICATE_METHOD_MATCH = YES;
				COPY_PHASE_STRIP = NO;
				DEBUG_INFORMATION_FORMAT = dwarf;
				ENABLE_STRICT_OBJC_MSGSEND = YES;
				ENABLE_TESTABILITY = YES;
				GCC_C_LANGUAGE_STANDARD = gnu11;
				GCC_DYNAMIC_NO_PIC = NO;
				GCC_NO_COMMON_BLOCKS = YES;
				GCC_OPTIMIZATION_LEVEL = 0;
				GCC_PREPROCESSOR_DEFINITIONS = (
					"DEBUG=1",
					"$(inherited)",
				);
				GCC_WARN_64_TO_32_BIT_CONVERSION = YES;
				GCC_WARN_ABOUT_RETURN_TYPE = YES_ERROR;
				GCC_WARN_UNDECLARED_SELECTOR = YES;
				GCC_WARN_UNINITIALIZED_AUTOS = YES_AGGRESSIVE;
				GCC_WARN_UNUSED_FUNCTION = YES;
				GCC_WARN_UNUSED_VARIABLE = YES;
				IPHONEOS_DEPLOYMENT_TARGET = 16.4;
				MTL_ENABLE_DEBUG_INFO = INCLUDE_SOURCE;
				MTL_FAST_MATH = YES;
				ONLY_ACTIVE_ARCH = YES;
				SDKROOT = iphoneos;
				SWIFT_ACTIVE_COMPILATION_CONDITIONS = DEBUG;
				SWIFT_OPTIMIZATION_LEVEL = "-Onone";
			};
			name = Debug;
		};
		CFAB14C12A264ADB00AB7D5D /* Release */ = {
			isa = XCBuildConfiguration;
			buildSettings = {
				ALWAYS_SEARCH_USER_PATHS = NO;
				CLANG_ANALYZER_NONNULL = YES;
				CLANG_ANALYZER_NUMBER_OBJECT_CONVERSION = YES_AGGRESSIVE;
				CLANG_CXX_LANGUAGE_STANDARD = "gnu++20";
				CLANG_ENABLE_MODULES = YES;
				CLANG_ENABLE_OBJC_ARC = YES;
				CLANG_ENABLE_OBJC_WEAK = YES;
				CLANG_WARN_BLOCK_CAPTURE_AUTORELEASING = YES;
				CLANG_WARN_BOOL_CONVERSION = YES;
				CLANG_WARN_COMMA = YES;
				CLANG_WARN_CONSTANT_CONVERSION = YES;
				CLANG_WARN_DEPRECATED_OBJC_IMPLEMENTATIONS = YES;
				CLANG_WARN_DIRECT_OBJC_ISA_USAGE = YES_ERROR;
				CLANG_WARN_DOCUMENTATION_COMMENTS = YES;
				CLANG_WARN_EMPTY_BODY = YES;
				CLANG_WARN_ENUM_CONVERSION = YES;
				CLANG_WARN_INFINITE_RECURSION = YES;
				CLANG_WARN_INT_CONVERSION = YES;
				CLANG_WARN_NON_LITERAL_NULL_CONVERSION = YES;
				CLANG_WARN_OBJC_IMPLICIT_RETAIN_SELF = YES;
				CLANG_WARN_OBJC_LITERAL_CONVERSION = YES;
				CLANG_WARN_OBJC_ROOT_CLASS = YES_ERROR;
				CLANG_WARN_QUOTED_INCLUDE_IN_FRAMEWORK_HEADER = YES;
				CLANG_WARN_RANGE_LOOP_ANALYSIS = YES;
				CLANG_WARN_STRICT_PROTOTYPES = YES;
				CLANG_WARN_SUSPICIOUS_MOVE = YES;
				CLANG_WARN_UNGUARDED_AVAILABILITY = YES_AGGRESSIVE;
				CLANG_WARN_UNREACHABLE_CODE = YES;
				CLANG_WARN__DUPLICATE_METHOD_MATCH = YES;
				COPY_PHASE_STRIP = NO;
				DEBUG_INFORMATION_FORMAT = "dwarf-with-dsym";
				ENABLE_NS_ASSERTIONS = NO;
				ENABLE_STRICT_OBJC_MSGSEND = YES;
				GCC_C_LANGUAGE_STANDARD = gnu11;
				GCC_NO_COMMON_BLOCKS = YES;
				GCC_WARN_64_TO_32_BIT_CONVERSION = YES;
				GCC_WARN_ABOUT_RETURN_TYPE = YES_ERROR;
				GCC_WARN_UNDECLARED_SELECTOR = YES;
				GCC_WARN_UNINITIALIZED_AUTOS = YES_AGGRESSIVE;
				GCC_WARN_UNUSED_FUNCTION = YES;
				GCC_WARN_UNUSED_VARIABLE = YES;
				IPHONEOS_DEPLOYMENT_TARGET = 16.4;
				MTL_ENABLE_DEBUG_INFO = NO;
				MTL_FAST_MATH = YES;
				SDKROOT = iphoneos;
				SWIFT_COMPILATION_MODE = wholemodule;
				SWIFT_OPTIMIZATION_LEVEL = "-O";
				VALIDATE_PRODUCT = YES;
			};
			name = Release;
		};
		CFAB14C32A264ADB00AB7D5D /* Debug */ = {
			isa = XCBuildConfiguration;
			buildSettings = {
				ASSETCATALOG_COMPILER_APPICON_NAME = AppIcon;
				ASSETCATALOG_COMPILER_GLOBAL_ACCENT_COLOR_NAME = AccentColor;
				CODE_SIGN_STYLE = Automatic;
				CURRENT_PROJECT_VERSION = 1;
				GENERATE_INFOPLIST_FILE = YES;
				INFOPLIST_FILE = QuizApp/Info.plist;
				INFOPLIST_KEY_UIApplicationSupportsIndirectInputEvents = YES;
				INFOPLIST_KEY_UILaunchStoryboardName = LaunchScreen;
				INFOPLIST_KEY_UIMainStoryboardFile = Main;
				INFOPLIST_KEY_UISupportedInterfaceOrientations_iPad = "UIInterfaceOrientationPortrait UIInterfaceOrientationPortraitUpsideDown UIInterfaceOrientationLandscapeLeft UIInterfaceOrientationLandscapeRight";
				INFOPLIST_KEY_UISupportedInterfaceOrientations_iPhone = "UIInterfaceOrientationPortrait UIInterfaceOrientationLandscapeLeft UIInterfaceOrientationLandscapeRight";
				LD_RUNPATH_SEARCH_PATHS = (
					"$(inherited)",
					"@executable_path/Frameworks",
				);
				MARKETING_VERSION = 1.0;
				PRODUCT_BUNDLE_IDENTIFIER = com.hibath.QuizApp;
				PRODUCT_NAME = "$(TARGET_NAME)";
				SWIFT_EMIT_LOC_STRINGS = YES;
				SWIFT_VERSION = 5.0;
				TARGETED_DEVICE_FAMILY = "1,2";
			};
			name = Debug;
		};
		CFAB14C42A264ADB00AB7D5D /* Release */ = {
			isa = XCBuildConfiguration;
			buildSettings = {
				ASSETCATALOG_COMPILER_APPICON_NAME = AppIcon;
				ASSETCATALOG_COMPILER_GLOBAL_ACCENT_COLOR_NAME = AccentColor;
				CODE_SIGN_STYLE = Automatic;
				CURRENT_PROJECT_VERSION = 1;
				GENERATE_INFOPLIST_FILE = YES;
				INFOPLIST_FILE = QuizApp/Info.plist;
				INFOPLIST_KEY_UIApplicationSupportsIndirectInputEvents = YES;
				INFOPLIST_KEY_UILaunchStoryboardName = LaunchScreen;
				INFOPLIST_KEY_UIMainStoryboardFile = Main;
				INFOPLIST_KEY_UISupportedInterfaceOrientations_iPad = "UIInterfaceOrientationPortrait UIInterfaceOrientationPortraitUpsideDown UIInterfaceOrientationLandscapeLeft UIInterfaceOrientationLandscapeRight";
				INFOPLIST_KEY_UISupportedInterfaceOrientations_iPhone = "UIInterfaceOrientationPortrait UIInterfaceOrientationLandscapeLeft UIInterfaceOrientationLandscapeRight";
				LD_RUNPATH_SEARCH_PATHS = (
					"$(inherited)",
					"@executable_path/Frameworks",
				);
				MARKETING_VERSION = 1.0;
				PRODUCT_BUNDLE_IDENTIFIER = com.hibath.QuizApp;
				PRODUCT_NAME = "$(TARGET_NAME)";
				SWIFT_EMIT_LOC_STRINGS = YES;
				SWIFT_VERSION = 5.0;
				TARGETED_DEVICE_FAMILY = "1,2";
			};
			name = Release;
		};
/* End XCBuildConfiguration section */

/* Begin XCConfigurationList section */
		CFAB14A92A264AD800AB7D5D /* Build configuration list for PBXProject "QuizApp" */ = {
			isa = XCConfigurationList;
			buildConfigurations = (
				CFAB14C02A264ADB00AB7D5D /* Debug */,
				CFAB14C12A264ADB00AB7D5D /* Release */,
			);
			defaultConfigurationIsVisible = 0;
			defaultConfigurationName = Release;
		};
		CFAB14C22A264ADB00AB7D5D /* Build configuration list for PBXNativeTarget "QuizApp" */ = {
			isa = XCConfigurationList;
			buildConfigurations = (
				CFAB14C32A264ADB00AB7D5D /* Debug */,
				CFAB14C42A264ADB00AB7D5D /* Release */,
			);
			defaultConfigurationIsVisible = 0;
			defaultConfigurationName = Release;
		};
/* End XCConfigurationList section */
	};
	rootObject = CFAB14A62A264AD800AB7D5D /* Project object */;
}
